// !$*UTF8*$!
{
	archiveVersion = 1;
	classes = {
	};
	objectVersion = 46;
	objects = {

/* Begin PBXBuildFile section */
		D840BD961CF0BC55005F86FA /* AppDelegate.swift in Sources */ = {isa = PBXBuildFile; fileRef = D840BD951CF0BC55005F86FA /* AppDelegate.swift */; };
		D840BD981CF0BC55005F86FA /* ViewController.swift in Sources */ = {isa = PBXBuildFile; fileRef = D840BD971CF0BC55005F86FA /* ViewController.swift */; };
		D840BD9B1CF0BC55005F86FA /* Main.storyboard in Resources */ = {isa = PBXBuildFile; fileRef = D840BD991CF0BC55005F86FA /* Main.storyboard */; };
		D840BD9D1CF0BC55005F86FA /* Assets.xcassets in Resources */ = {isa = PBXBuildFile; fileRef = D840BD9C1CF0BC55005F86FA /* Assets.xcassets */; };
		D840BDA01CF0BC55005F86FA /* LaunchScreen.storyboard in Resources */ = {isa = PBXBuildFile; fileRef = D840BD9E1CF0BC55005F86FA /* LaunchScreen.storyboard */; };
		D840BDAB1CF0BC55005F86FA /* FosterGrowthTests.swift in Sources */ = {isa = PBXBuildFile; fileRef = D840BDAA1CF0BC55005F86FA /* FosterGrowthTests.swift */; };
		D840BDB61CF0BC55005F86FA /* FosterGrowthUITests.swift in Sources */ = {isa = PBXBuildFile; fileRef = D840BDB51CF0BC55005F86FA /* FosterGrowthUITests.swift */; };
		D840BDC41CF0BD77005F86FA /* GridViewController.swift in Sources */ = {isa = PBXBuildFile; fileRef = D840BDC31CF0BD77005F86FA /* GridViewController.swift */; };
		D840BDC61CF0BF5B005F86FA /* SectionsCollectionViewCell.swift in Sources */ = {isa = PBXBuildFile; fileRef = D840BDC51CF0BF5B005F86FA /* SectionsCollectionViewCell.swift */; };
/* End PBXBuildFile section */

/* Begin PBXContainerItemProxy section */
		D840BDA71CF0BC55005F86FA /* PBXContainerItemProxy */ = {
			isa = PBXContainerItemProxy;
			containerPortal = D840BD8A1CF0BC55005F86FA /* Project object */;
			proxyType = 1;
			remoteGlobalIDString = D840BD911CF0BC55005F86FA;
			remoteInfo = FosterGrowth;
		};
		D840BDB21CF0BC55005F86FA /* PBXContainerItemProxy */ = {
			isa = PBXContainerItemProxy;
			containerPortal = D840BD8A1CF0BC55005F86FA /* Project object */;
			proxyType = 1;
			remoteGlobalIDString = D840BD911CF0BC55005F86FA;
			remoteInfo = FosterGrowth;
		};
/* End PBXContainerItemProxy section */

/* Begin PBXFileReference section */
		D840BD921CF0BC55005F86FA /* FosterGrowth.app */ = {isa = PBXFileReference; explicitFileType = wrapper.application; includeInIndex = 0; path = FosterGrowth.app; sourceTree = BUILT_PRODUCTS_DIR; };
		D840BD951CF0BC55005F86FA /* AppDelegate.swift */ = {isa = PBXFileReference; lastKnownFileType = sourcecode.swift; path = AppDelegate.swift; sourceTree = "<group>"; };
		D840BD971CF0BC55005F86FA /* ViewController.swift */ = {isa = PBXFileReference; lastKnownFileType = sourcecode.swift; path = ViewController.swift; sourceTree = "<group>"; };
		D840BD9A1CF0BC55005F86FA /* Base */ = {isa = PBXFileReference; lastKnownFileType = file.storyboard; name = Base; path = Base.lproj/Main.storyboard; sourceTree = "<group>"; };
		D840BD9C1CF0BC55005F86FA /* Assets.xcassets */ = {isa = PBXFileReference; lastKnownFileType = folder.assetcatalog; path = Assets.xcassets; sourceTree = "<group>"; };
		D840BD9F1CF0BC55005F86FA /* Base */ = {isa = PBXFileReference; lastKnownFileType = file.storyboard; name = Base; path = Base.lproj/LaunchScreen.storyboard; sourceTree = "<group>"; };
		D840BDA11CF0BC55005F86FA /* Info.plist */ = {isa = PBXFileReference; lastKnownFileType = text.plist.xml; path = Info.plist; sourceTree = "<group>"; };
		D840BDA61CF0BC55005F86FA /* FosterGrowthTests.xctest */ = {isa = PBXFileReference; explicitFileType = wrapper.cfbundle; includeInIndex = 0; path = FosterGrowthTests.xctest; sourceTree = BUILT_PRODUCTS_DIR; };
		D840BDAA1CF0BC55005F86FA /* FosterGrowthTests.swift */ = {isa = PBXFileReference; lastKnownFileType = sourcecode.swift; path = FosterGrowthTests.swift; sourceTree = "<group>"; };
		D840BDAC1CF0BC55005F86FA /* Info.plist */ = {isa = PBXFileReference; lastKnownFileType = text.plist.xml; path = Info.plist; sourceTree = "<group>"; };
		D840BDB11CF0BC55005F86FA /* FosterGrowthUITests.xctest */ = {isa = PBXFileReference; explicitFileType = wrapper.cfbundle; includeInIndex = 0; path = FosterGrowthUITests.xctest; sourceTree = BUILT_PRODUCTS_DIR; };
		D840BDB51CF0BC55005F86FA /* FosterGrowthUITests.swift */ = {isa = PBXFileReference; lastKnownFileType = sourcecode.swift; path = FosterGrowthUITests.swift; sourceTree = "<group>"; };
		D840BDB71CF0BC55005F86FA /* Info.plist */ = {isa = PBXFileReference; lastKnownFileType = text.plist.xml; path = Info.plist; sourceTree = "<group>"; };
		D840BDC31CF0BD77005F86FA /* GridViewController.swift */ = {isa = PBXFileReference; fileEncoding = 4; lastKnownFileType = sourcecode.swift; path = GridViewController.swift; sourceTree = "<group>"; };
		D840BDC51CF0BF5B005F86FA /* SectionsCollectionViewCell.swift */ = {isa = PBXFileReference; fileEncoding = 4; lastKnownFileType = sourcecode.swift; path = SectionsCollectionViewCell.swift; sourceTree = "<group>"; };
/* End PBXFileReference section */

/* Begin PBXFrameworksBuildPhase section */
		D840BD8F1CF0BC55005F86FA /* Frameworks */ = {
			isa = PBXFrameworksBuildPhase;
			buildActionMask = 2147483647;
			files = (
			);
			runOnlyForDeploymentPostprocessing = 0;
		};
		D840BDA31CF0BC55005F86FA /* Frameworks */ = {
			isa = PBXFrameworksBuildPhase;
			buildActionMask = 2147483647;
			files = (
			);
			runOnlyForDeploymentPostprocessing = 0;
		};
		D840BDAE1CF0BC55005F86FA /* Frameworks */ = {
			isa = PBXFrameworksBuildPhase;
			buildActionMask = 2147483647;
			files = (
			);
			runOnlyForDeploymentPostprocessing = 0;
		};
/* End PBXFrameworksBuildPhase section */

/* Begin PBXGroup section */
		D840BD891CF0BC55005F86FA = {
			isa = PBXGroup;
			children = (
				D840BD941CF0BC55005F86FA /* FosterGrowth */,
				D840BDA91CF0BC55005F86FA /* FosterGrowthTests */,
				D840BDB41CF0BC55005F86FA /* FosterGrowthUITests */,
				D840BD931CF0BC55005F86FA /* Products */,
			);
			sourceTree = "<group>";
		};
		D840BD931CF0BC55005F86FA /* Products */ = {
			isa = PBXGroup;
			children = (
				D840BD921CF0BC55005F86FA /* FosterGrowth.app */,
				D840BDA61CF0BC55005F86FA /* FosterGrowthTests.xctest */,
				D840BDB11CF0BC55005F86FA /* FosterGrowthUITests.xctest */,
			);
			name = Products;
			sourceTree = "<group>";
		};
		D840BD941CF0BC55005F86FA /* FosterGrowth */ = {
			isa = PBXGroup;
			children = (
				D840BD951CF0BC55005F86FA /* AppDelegate.swift */,
				D840BD971CF0BC55005F86FA /* ViewController.swift */,
				D840BD991CF0BC55005F86FA /* Main.storyboard */,
				D840BDC31CF0BD77005F86FA /* GridViewController.swift */,
				D840BDC51CF0BF5B005F86FA /* SectionsCollectionViewCell.swift */,
				D840BD9C1CF0BC55005F86FA /* Assets.xcassets */,
				D840BD9E1CF0BC55005F86FA /* LaunchScreen.storyboard */,
				D840BDA11CF0BC55005F86FA /* Info.plist */,
			);
			path = FosterGrowth;
			sourceTree = "<group>";
		};
		D840BDA91CF0BC55005F86FA /* FosterGrowthTests */ = {
			isa = PBXGroup;
			children = (
				D840BDAA1CF0BC55005F86FA /* FosterGrowthTests.swift */,
				D840BDAC1CF0BC55005F86FA /* Info.plist */,
			);
			path = FosterGrowthTests;
			sourceTree = "<group>";
		};
		D840BDB41CF0BC55005F86FA /* FosterGrowthUITests */ = {
			isa = PBXGroup;
			children = (
				D840BDB51CF0BC55005F86FA /* FosterGrowthUITests.swift */,
				D840BDB71CF0BC55005F86FA /* Info.plist */,
			);
			path = FosterGrowthUITests;
			sourceTree = "<group>";
		};
/* End PBXGroup section */

/* Begin PBXNativeTarget section */
		D840BD911CF0BC55005F86FA /* FosterGrowth */ = {
			isa = PBXNativeTarget;
			buildConfigurationList = D840BDBA1CF0BC55005F86FA /* Build configuration list for PBXNativeTarget "FosterGrowth" */;
			buildPhases = (
				D840BD8E1CF0BC55005F86FA /* Sources */,
				D840BD8F1CF0BC55005F86FA /* Frameworks */,
				D840BD901CF0BC55005F86FA /* Resources */,
			);
			buildRules = (
			);
			dependencies = (
			);
			name = FosterGrowth;
			productName = FosterGrowth;
			productReference = D840BD921CF0BC55005F86FA /* FosterGrowth.app */;
			productType = "com.apple.product-type.application";
		};
		D840BDA51CF0BC55005F86FA /* FosterGrowthTests */ = {
			isa = PBXNativeTarget;
			buildConfigurationList = D840BDBD1CF0BC55005F86FA /* Build configuration list for PBXNativeTarget "FosterGrowthTests" */;
			buildPhases = (
				D840BDA21CF0BC55005F86FA /* Sources */,
				D840BDA31CF0BC55005F86FA /* Frameworks */,
				D840BDA41CF0BC55005F86FA /* Resources */,
			);
			buildRules = (
			);
			dependencies = (
				D840BDA81CF0BC55005F86FA /* PBXTargetDependency */,
			);
			name = FosterGrowthTests;
			productName = FosterGrowthTests;
			productReference = D840BDA61CF0BC55005F86FA /* FosterGrowthTests.xctest */;
			productType = "com.apple.product-type.bundle.unit-test";
		};
		D840BDB01CF0BC55005F86FA /* FosterGrowthUITests */ = {
			isa = PBXNativeTarget;
			buildConfigurationList = D840BDC01CF0BC55005F86FA /* Build configuration list for PBXNativeTarget "FosterGrowthUITests" */;
			buildPhases = (
				D840BDAD1CF0BC55005F86FA /* Sources */,
				D840BDAE1CF0BC55005F86FA /* Frameworks */,
				D840BDAF1CF0BC55005F86FA /* Resources */,
			);
			buildRules = (
			);
			dependencies = (
				D840BDB31CF0BC55005F86FA /* PBXTargetDependency */,
			);
			name = FosterGrowthUITests;
			productName = FosterGrowthUITests;
			productReference = D840BDB11CF0BC55005F86FA /* FosterGrowthUITests.xctest */;
			productType = "com.apple.product-type.bundle.ui-testing";
		};
/* End PBXNativeTarget section */

/* Begin PBXProject section */
		D840BD8A1CF0BC55005F86FA /* Project object */ = {
			isa = PBXProject;
			attributes = {
				LastSwiftUpdateCheck = 0730;
				LastUpgradeCheck = 0730;
				ORGANIZATIONNAME = "Jared Gutierrez";
				TargetAttributes = {
					D840BD911CF0BC55005F86FA = {
						CreatedOnToolsVersion = 7.3.1;
						DevelopmentTeam = BBGLV6EB7R;
					};
					D840BDA51CF0BC55005F86FA = {
						CreatedOnToolsVersion = 7.3.1;
						DevelopmentTeam = BBGLV6EB7R;
						TestTargetID = D840BD911CF0BC55005F86FA;
					};
					D840BDB01CF0BC55005F86FA = {
						CreatedOnToolsVersion = 7.3.1;
						DevelopmentTeam = BBGLV6EB7R;
						TestTargetID = D840BD911CF0BC55005F86FA;
					};
				};
			};
			buildConfigurationList = D840BD8D1CF0BC55005F86FA /* Build configuration list for PBXProject "FosterGrowth" */;
			compatibilityVersion = "Xcode 3.2";
			developmentRegion = English;
			hasScannedForEncodings = 0;
			knownRegions = (
				en,
				Base,
			);
			mainGroup = D840BD891CF0BC55005F86FA;
			productRefGroup = D840BD931CF0BC55005F86FA /* Products */;
			projectDirPath = "";
			projectRoot = "";
			targets = (
				D840BD911CF0BC55005F86FA /* FosterGrowth */,
				D840BDA51CF0BC55005F86FA /* FosterGrowthTests */,
				D840BDB01CF0BC55005F86FA /* FosterGrowthUITests */,
			);
		};
/* End PBXProject section */

/* Begin PBXResourcesBuildPhase section */
		D840BD901CF0BC55005F86FA /* Resources */ = {
			isa = PBXResourcesBuildPhase;
			buildActionMask = 2147483647;
			files = (
				D840BDA01CF0BC55005F86FA /* LaunchScreen.storyboard in Resources */,
				D840BD9D1CF0BC55005F86FA /* Assets.xcassets in Resources */,
				D840BD9B1CF0BC55005F86FA /* Main.storyboard in Resources */,
			);
			runOnlyForDeploymentPostprocessing = 0;
		};
		D840BDA41CF0BC55005F86FA /* Resources */ = {
			isa = PBXResourcesBuildPhase;
			buildActionMask = 2147483647;
			files = (
			);
			runOnlyForDeploymentPostprocessing = 0;
		};
		D840BDAF1CF0BC55005F86FA /* Resources */ = {
			isa = PBXResourcesBuildPhase;
			buildActionMask = 2147483647;
			files = (
			);
			runOnlyForDeploymentPostprocessing = 0;
		};
/* End PBXResourcesBuildPhase section */

/* Begin PBXSourcesBuildPhase section */
		D840BD8E1CF0BC55005F86FA /* Sources */ = {
			isa = PBXSourcesBuildPhase;
			buildActionMask = 2147483647;
			files = (
				D840BDC61CF0BF5B005F86FA /* SectionsCollectionViewCell.swift in Sources */,
				D840BD981CF0BC55005F86FA /* ViewController.swift in Sources */,
				D840BD961CF0BC55005F86FA /* AppDelegate.swift in Sources */,
				D840BDC41CF0BD77005F86FA /* GridViewController.swift in Sources */,
			);
			runOnlyForDeploymentPostprocessing = 0;
		};
		D840BDA21CF0BC55005F86FA /* Sources */ = {
			isa = PBXSourcesBuildPhase;
			buildActionMask = 2147483647;
			files = (
				D840BDAB1CF0BC55005F86FA /* FosterGrowthTests.swift in Sources */,
			);
			runOnlyForDeploymentPostprocessing = 0;
		};
		D840BDAD1CF0BC55005F86FA /* Sources */ = {
			isa = PBXSourcesBuildPhase;
			buildActionMask = 2147483647;
			files = (
				D840BDB61CF0BC55005F86FA /* FosterGrowthUITests.swift in Sources */,
			);
			runOnlyForDeploymentPostprocessing = 0;
		};
/* End PBXSourcesBuildPhase section */

/* Begin PBXTargetDependency section */
		D840BDA81CF0BC55005F86FA /* PBXTargetDependency */ = {
			isa = PBXTargetDependency;
			target = D840BD911CF0BC55005F86FA /* FosterGrowth */;
			targetProxy = D840BDA71CF0BC55005F86FA /* PBXContainerItemProxy */;
		};
		D840BDB31CF0BC55005F86FA /* PBXTargetDependency */ = {
			isa = PBXTargetDependency;
			target = D840BD911CF0BC55005F86FA /* FosterGrowth */;
			targetProxy = D840BDB21CF0BC55005F86FA /* PBXContainerItemProxy */;
		};
/* End PBXTargetDependency section */

/* Begin PBXVariantGroup section */
		D840BD991CF0BC55005F86FA /* Main.storyboard */ = {
			isa = PBXVariantGroup;
			children = (
				D840BD9A1CF0BC55005F86FA /* Base */,
			);
			name = Main.storyboard;
			sourceTree = "<group>";
		};
		D840BD9E1CF0BC55005F86FA /* LaunchScreen.storyboard */ = {
			isa = PBXVariantGroup;
			children = (
				D840BD9F1CF0BC55005F86FA /* Base */,
			);
			name = LaunchScreen.storyboard;
			sourceTree = "<group>";
		};
/* End PBXVariantGroup section */

/* Begin XCBuildConfiguration section */
		D840BDB81CF0BC55005F86FA /* Debug */ = {
			isa = XCBuildConfiguration;
			buildSettings = {
				ALWAYS_SEARCH_USER_PATHS = NO;
				CLANG_ANALYZER_NONNULL = YES;
				CLANG_CXX_LANGUAGE_STANDARD = "gnu++0x";
				CLANG_CXX_LIBRARY = "libc++";
				CLANG_ENABLE_MODULES = YES;
				CLANG_ENABLE_OBJC_ARC = YES;
				CLANG_WARN_BOOL_CONVERSION = YES;
				CLANG_WARN_CONSTANT_CONVERSION = YES;
				CLANG_WARN_DIRECT_OBJC_ISA_USAGE = YES_ERROR;
				CLANG_WARN_EMPTY_BODY = YES;
				CLANG_WARN_ENUM_CONVERSION = YES;
				CLANG_WARN_INT_CONVERSION = YES;
				CLANG_WARN_OBJC_ROOT_CLASS = YES_ERROR;
				CLANG_WARN_UNREACHABLE_CODE = YES;
				CLANG_WARN__DUPLICATE_METHOD_MATCH = YES;
				"CODE_SIGN_IDENTITY[sdk=iphoneos*]" = "iPhone Developer";
				COPY_PHASE_STRIP = NO;
				DEBUG_INFORMATION_FORMAT = dwarf;
				ENABLE_STRICT_OBJC_MSGSEND = YES;
				ENABLE_TESTABILITY = YES;
				GCC_C_LANGUAGE_STANDARD = gnu99;
				GCC_DYNAMIC_NO_PIC = NO;
				GCC_NO_COMMON_BLOCKS = YES;
				GCC_OPTIMIZATION_LEVEL = 0;
				GCC_PREPROCESSOR_DEFINITIONS = (
					"DEBUG=1",
					"$(inherited)",
				);
				GCC_WARN_64_TO_32_BIT_CONVERSION = YES;
				GCC_WARN_ABOUT_RETURN_TYPE = YES_ERROR;
				GCC_WARN_UNDECLARED_SELECTOR = YES;
				GCC_WARN_UNINITIALIZED_AUTOS = YES_AGGRESSIVE;
				GCC_WARN_UNUSED_FUNCTION = YES;
				GCC_WARN_UNUSED_VARIABLE = YES;
				IPHONEOS_DEPLOYMENT_TARGET = 9.3;
				MTL_ENABLE_DEBUG_INFO = YES;
				ONLY_ACTIVE_ARCH = YES;
				SDKROOT = iphoneos;
				SWIFT_OPTIMIZATION_LEVEL = "-Onone";
			};
			name = Debug;
		};
		D840BDB91CF0BC55005F86FA /* Release */ = {
			isa = XCBuildConfiguration;
			buildSettings = {
				ALWAYS_SEARCH_USER_PATHS = NO;
				CLANG_ANALYZER_NONNULL = YES;
				CLANG_CXX_LANGUAGE_STANDARD = "gnu++0x";
				CLANG_CXX_LIBRARY = "libc++";
				CLANG_ENABLE_MODULES = YES;
				CLANG_ENABLE_OBJC_ARC = YES;
				CLANG_WARN_BOOL_CONVERSION = YES;
				CLANG_WARN_CONSTANT_CONVERSION = YES;
				CLANG_WARN_DIRECT_OBJC_ISA_USAGE = YES_ERROR;
				CLANG_WARN_EMPTY_BODY = YES;
				CLANG_WARN_ENUM_CONVERSION = YES;
				CLANG_WARN_INT_CONVERSION = YES;
				CLANG_WARN_OBJC_ROOT_CLASS = YES_ERROR;
				CLANG_WARN_UNREACHABLE_CODE = YES;
				CLANG_WARN__DUPLICATE_METHOD_MATCH = YES;
				"CODE_SIGN_IDENTITY[sdk=iphoneos*]" = "iPhone Developer";
				COPY_PHASE_STRIP = NO;
				DEBUG_INFORMATION_FORMAT = "dwarf-with-dsym";
				ENABLE_NS_ASSERTIONS = NO;
				ENABLE_STRICT_OBJC_MSGSEND = YES;
				GCC_C_LANGUAGE_STANDARD = gnu99;
				GCC_NO_COMMON_BLOCKS = YES;
				GCC_WARN_64_TO_32_BIT_CONVERSION = YES;
				GCC_WARN_ABOUT_RETURN_TYPE = YES_ERROR;
				GCC_WARN_UNDECLARED_SELECTOR = YES;
				GCC_WARN_UNINITIALIZED_AUTOS = YES_AGGRESSIVE;
				GCC_WARN_UNUSED_FUNCTION = YES;
				GCC_WARN_UNUSED_VARIABLE = YES;
				IPHONEOS_DEPLOYMENT_TARGET = 9.3;
				MTL_ENABLE_DEBUG_INFO = NO;
				SDKROOT = iphoneos;
				VALIDATE_PRODUCT = YES;
			};
			name = Release;
		};
		D840BDBB1CF0BC55005F86FA /* Debug */ = {
			isa = XCBuildConfiguration;
			buildSettings = {
				ASSETCATALOG_COMPILER_APPICON_NAME = AppIcon;
				INFOPLIST_FILE = FosterGrowth/Info.plist;
				LD_RUNPATH_SEARCH_PATHS = "$(inherited) @executable_path/Frameworks";
				PRODUCT_BUNDLE_IDENTIFIER = jared.gut.FosterGrowth;
				PRODUCT_NAME = "$(TARGET_NAME)";
			};
			name = Debug;
		};
		D840BDBC1CF0BC55005F86FA /* Release */ = {
			isa = XCBuildConfiguration;
			buildSettings = {
				ASSETCATALOG_COMPILER_APPICON_NAME = AppIcon;
				INFOPLIST_FILE = FosterGrowth/Info.plist;
				LD_RUNPATH_SEARCH_PATHS = "$(inherited) @executable_path/Frameworks";
				PRODUCT_BUNDLE_IDENTIFIER = jared.gut.FosterGrowth;
				PRODUCT_NAME = "$(TARGET_NAME)";
			};
			name = Release;
		};
		D840BDBE1CF0BC55005F86FA /* Debug */ = {
			isa = XCBuildConfiguration;
			buildSettings = {
				BUNDLE_LOADER = "$(TEST_HOST)";
				INFOPLIST_FILE = FosterGrowthTests/Info.plist;
				LD_RUNPATH_SEARCH_PATHS = "$(inherited) @executable_path/Frameworks @loader_path/Frameworks";
				PRODUCT_BUNDLE_IDENTIFIER = jared.gut.FosterGrowthTests;
				PRODUCT_NAME = "$(TARGET_NAME)";
				TEST_HOST = "$(BUILT_PRODUCTS_DIR)/FosterGrowth.app/FosterGrowth";
			};
			name = Debug;
		};
		D840BDBF1CF0BC55005F86FA /* Release */ = {
			isa = XCBuildConfiguration;
			buildSettings = {
				BUNDLE_LOADER = "$(TEST_HOST)";
				INFOPLIST_FILE = FosterGrowthTests/Info.plist;
				LD_RUNPATH_SEARCH_PATHS = "$(inherited) @executable_path/Frameworks @loader_path/Frameworks";
				PRODUCT_BUNDLE_IDENTIFIER = jared.gut.FosterGrowthTests;
				PRODUCT_NAME = "$(TARGET_NAME)";
				TEST_HOST = "$(BUILT_PRODUCTS_DIR)/FosterGrowth.app/FosterGrowth";
			};
			name = Release;
		};
		D840BDC11CF0BC55005F86FA /* Debug */ = {
			isa = XCBuildConfiguration;
			buildSettings = {
				INFOPLIST_FILE = FosterGrowthUITests/Info.plist;
				LD_RUNPATH_SEARCH_PATHS = "$(inherited) @executable_path/Frameworks @loader_path/Frameworks";
				PRODUCT_BUNDLE_IDENTIFIER = jared.gut.FosterGrowthUITests;
				PRODUCT_NAME = "$(TARGET_NAME)";
				TEST_TARGET_NAME = FosterGrowth;
			};
			name = Debug;
		};
		D840BDC21CF0BC55005F86FA /* Release */ = {
			isa = XCBuildConfiguration;
			buildSettings = {
				INFOPLIST_FILE = FosterGrowthUITests/Info.plist;
				LD_RUNPATH_SEARCH_PATHS = "$(inherited) @executable_path/Frameworks @loader_path/Frameworks";
				PRODUCT_BUNDLE_IDENTIFIER = jared.gut.FosterGrowthUITests;
				PRODUCT_NAME = "$(TARGET_NAME)";
				TEST_TARGET_NAME = FosterGrowth;
			};
			name = Release;
		};
/* End XCBuildConfiguration section */

/* Begin XCConfigurationList section */
		D840BD8D1CF0BC55005F86FA /* Build configuration list for PBXProject "FosterGrowth" */ = {
			isa = XCConfigurationList;
			buildConfigurations = (
				D840BDB81CF0BC55005F86FA /* Debug */,
				D840BDB91CF0BC55005F86FA /* Release */,
			);
			defaultConfigurationIsVisible = 0;
			defaultConfigurationName = Release;
		};
		D840BDBA1CF0BC55005F86FA /* Build configuration list for PBXNativeTarget "FosterGrowth" */ = {
			isa = XCConfigurationList;
			buildConfigurations = (
				D840BDBB1CF0BC55005F86FA /* Debug */,
				D840BDBC1CF0BC55005F86FA /* Release */,
			);
			defaultConfigurationIsVisible = 0;
		};
		D840BDBD1CF0BC55005F86FA /* Build configuration list for PBXNativeTarget "FosterGrowthTests" */ = {
			isa = XCConfigurationList;
			buildConfigurations = (
				D840BDBE1CF0BC55005F86FA /* Debug */,
				D840BDBF1CF0BC55005F86FA /* Release */,
			);
			defaultConfigurationIsVisible = 0;
		};
		D840BDC01CF0BC55005F86FA /* Build configuration list for PBXNativeTarget "FosterGrowthUITests" */ = {
			isa = XCConfigurationList;
			buildConfigurations = (
				D840BDC11CF0BC55005F86FA /* Debug */,
				D840BDC21CF0BC55005F86FA /* Release */,
			);
			defaultConfigurationIsVisible = 0;
		};
/* End XCConfigurationList section */
	};
	rootObject = D840BD8A1CF0BC55005F86FA /* Project object */;
}
